
Microsoft Visual Studio Solution File, Format Version 12.00
# Visual Studio Version 17
VisualStudioVersion = 17.10.35122.118
MinimumVisualStudioVersion = 10.0.40219.1
Project("{FAE04EC0-301F-11D3-BF4B-00C04F79EFBC}") = "Teste_Software_2024_Carvalho_Pedro", "Teste_Software_2024_Carvalho_Pedro\Teste_Software_2024_Carvalho_Pedro.csproj", "{575E00F9-9BCA-4CF4-8DA2-3D341A52EE54}"
EndProject
Global
	GlobalSection(SolutionConfigurationPlatforms) = preSolution
		Debug|Any CPU = Debug|Any CPU
		Release|Any CPU = Release|Any CPU
	EndGlobalSection
	GlobalSection(ProjectConfigurationPlatforms) = postSolution
		{575E00F9-9BCA-4CF4-8DA2-3D341A52EE54}.Debug|Any CPU.ActiveCfg = Debug|Any CPU
		{575E00F9-9BCA-4CF4-8DA2-3D341A52EE54}.Debug|Any CPU.Build.0 = Debug|Any CPU
		{575E00F9-9BCA-4CF4-8DA2-3D341A52EE54}.Release|Any CPU.ActiveCfg = Release|Any CPU
		{575E00F9-9BCA-4CF4-8DA2-3D341A52EE54}.Release|Any CPU.Build.0 = Release|Any CPU
	EndGlobalSection
	GlobalSection(SolutionProperties) = preSolution
		HideSolutionNode = FALSE
	EndGlobalSection
	GlobalSection(ExtensibilityGlobals) = postSolution
		SolutionGuid = {A81917DC-3784-462D-A830-68D746862CE7}
	EndGlobalSection
EndGlobal
